
Microsoft Visual Studio Solution File, Format Version 12.00
# Visual Studio 2013
Project("{FAE04EC0-301F-11D3-BF4B-00C04F79EFBC}") = "UnityVS.Farm Fruit V2.CSharp", "UnityVS.Farm Fruit V2.CSharp.csproj", "{A6FDBB19-4293-5C96-E281-3FFF40DBAF84}"
EndProject
Project("{FAE04EC0-301F-11D3-BF4B-00C04F79EFBC}") = "UnityVS.Farm Fruit V2.CSharp.Editor", "UnityVS.Farm Fruit V2.CSharp.Editor.csproj", "{2ADE5CDA-0CA2-48F5-0D07-37C25973AC59}"
EndProject
Project("{FAE04EC0-301F-11D3-BF4B-00C04F79EFBC}") = "UnityVS.Farm Fruit V2.CSharp.Plugins", "UnityVS.Farm Fruit V2.CSharp.Plugins.csproj", "{DEC1E2CF-B96A-9DFE-E809-3C87A29DB048}"
EndProject
Global
	GlobalSection(SolutionConfigurationPlatforms) = preSolution
		Debug|Any CPU = Debug|Any CPU
		Release|Any CPU = Release|Any CPU
	EndGlobalSection
	GlobalSection(ProjectConfigurationPlatforms) = postSolution
		{A6FDBB19-4293-5C96-E281-3FFF40DBAF84}.Debug|Any CPU.ActiveCfg = Debug|Any CPU
		{A6FDBB19-4293-5C96-E281-3FFF40DBAF84}.Debug|Any CPU.Build.0 = Debug|Any CPU
		{A6FDBB19-4293-5C96-E281-3FFF40DBAF84}.Release|Any CPU.ActiveCfg = Release|Any CPU
		{A6FDBB19-4293-5C96-E281-3FFF40DBAF84}.Release|Any CPU.Build.0 = Release|Any CPU
		{2ADE5CDA-0CA2-48F5-0D07-37C25973AC59}.Debug|Any CPU.ActiveCfg = Debug|Any CPU
		{2ADE5CDA-0CA2-48F5-0D07-37C25973AC59}.Debug|Any CPU.Build.0 = Debug|Any CPU
		{2ADE5CDA-0CA2-48F5-0D07-37C25973AC59}.Release|Any CPU.ActiveCfg = Release|Any CPU
		{2ADE5CDA-0CA2-48F5-0D07-37C25973AC59}.Release|Any CPU.Build.0 = Release|Any CPU
		{DEC1E2CF-B96A-9DFE-E809-3C87A29DB048}.Debug|Any CPU.ActiveCfg = Debug|Any CPU
		{DEC1E2CF-B96A-9DFE-E809-3C87A29DB048}.Debug|Any CPU.Build.0 = Debug|Any CPU
		{DEC1E2CF-B96A-9DFE-E809-3C87A29DB048}.Release|Any CPU.ActiveCfg = Release|Any CPU
		{DEC1E2CF-B96A-9DFE-E809-3C87A29DB048}.Release|Any CPU.Build.0 = Release|Any CPU
	EndGlobalSection
	GlobalSection(SolutionProperties) = preSolution
		HideSolutionNode = FALSE
	EndGlobalSection
EndGlobal
